Microsoft Visual Studio Solution File, Format Version 12.00
# Visual Studio 15
VisualStudioVersion = 15.0.27130.2003
MinimumVisualStudioVersion = 15.0.26124.0
Project("{9A19103F-16F7-4668-BE54-9A1E7A4F7556}") = "LinkIt.AutoMapperExtensions", "LinkIt.AutoMapperExtensions\LinkIt.AutoMapperExtensions.csproj", "{ABE995B4-BBF8-4069-AC22-9336B7E171A1}"
EndProject
Project("{9A19103F-16F7-4668-BE54-9A1E7A4F7556}") = "LinkIt.AutoMapperExtensions.Tests", "LinkIt.AutoMapperExtensions.Tests\LinkIt.AutoMapperExtensions.Tests.csproj", "{DA3B8E15-2D03-4422-9562-CBA68476E7E8}"
EndProject
Global
	GlobalSection(SolutionConfigurationPlatforms) = preSolution
		Debug|Any CPU = Debug|Any CPU
		Debug|x64 = Debug|x64
		Debug|x86 = Debug|x86
		Release|Any CPU = Release|Any CPU
		Release|x64 = Release|x64
		Release|x86 = Release|x86
	EndGlobalSection
	GlobalSection(ProjectConfigurationPlatforms) = postSolution
		{ABE995B4-BBF8-4069-AC22-9336B7E171A1}.Debug|Any CPU.ActiveCfg = Debug|Any CPU
		{ABE995B4-BBF8-4069-AC22-9336B7E171A1}.Debug|Any CPU.Build.0 = Debug|Any CPU
		{ABE995B4-BBF8-4069-AC22-9336B7E171A1}.Debug|x64.ActiveCfg = Debug|Any CPU
		{ABE995B4-BBF8-4069-AC22-9336B7E171A1}.Debug|x64.Build.0 = Debug|Any CPU
		{ABE995B4-BBF8-4069-AC22-9336B7E171A1}.Debug|x86.ActiveCfg = Debug|Any CPU
		{ABE995B4-BBF8-4069-AC22-9336B7E171A1}.Debug|x86.Build.0 = Debug|Any CPU
		{ABE995B4-BBF8-4069-AC22-9336B7E171A1}.Release|Any CPU.ActiveCfg = Release|Any CPU
		{ABE995B4-BBF8-4069-AC22-9336B7E171A1}.Release|Any CPU.Build.0 = Release|Any CPU
		{ABE995B4-BBF8-4069-AC22-9336B7E171A1}.Release|x64.ActiveCfg = Release|Any CPU
		{ABE995B4-BBF8-4069-AC22-9336B7E171A1}.Release|x64.Build.0 = Release|Any CPU
		{ABE995B4-BBF8-4069-AC22-9336B7E171A1}.Release|x86.ActiveCfg = Release|Any CPU
		{ABE995B4-BBF8-4069-AC22-9336B7E171A1}.Release|x86.Build.0 = Release|Any CPU
		{DA3B8E15-2D03-4422-9562-CBA68476E7E8}.Debug|Any CPU.ActiveCfg = Debug|Any CPU
		{DA3B8E15-2D03-4422-9562-CBA68476E7E8}.Debug|Any CPU.Build.0 = Debug|Any CPU
		{DA3B8E15-2D03-4422-9562-CBA68476E7E8}.Debug|x64.ActiveCfg = Debug|Any CPU
		{DA3B8E15-2D03-4422-9562-CBA68476E7E8}.Debug|x64.Build.0 = Debug|Any CPU
		{DA3B8E15-2D03-4422-9562-CBA68476E7E8}.Debug|x86.ActiveCfg = Debug|Any CPU
		{DA3B8E15-2D03-4422-9562-CBA68476E7E8}.Debug|x86.Build.0 = Debug|Any CPU
		{DA3B8E15-2D03-4422-9562-CBA68476E7E8}.Release|Any CPU.ActiveCfg = Release|Any CPU
		{DA3B8E15-2D03-4422-9562-CBA68476E7E8}.Release|Any CPU.Build.0 = Release|Any CPU
		{DA3B8E15-2D03-4422-9562-CBA68476E7E8}.Release|x64.ActiveCfg = Release|Any CPU
		{DA3B8E15-2D03-4422-9562-CBA68476E7E8}.Release|x64.Build.0 = Release|Any CPU
		{DA3B8E15-2D03-4422-9562-CBA68476E7E8}.Release|x86.ActiveCfg = Release|Any CPU
		{DA3B8E15-2D03-4422-9562-CBA68476E7E8}.Release|x86.Build.0 = Release|Any CPU
	EndGlobalSection
	GlobalSection(SolutionProperties) = preSolution
		HideSolutionNode = FALSE
	EndGlobalSection
	GlobalSection(ExtensibilityGlobals) = postSolution
		SolutionGuid = {80EAEBC7-5DF1-4ABE-8B78-404FF257ED2A}
	EndGlobalSection
EndGlobal
